github.com/rauzh/cd-core v0.0.0-20240526182126-06ccbfbbe6b4 h1:VbUUpd/4hLtanbNuug72pSLZ4jsN2A4ZSjznIEaM0Rs=
github.com/rauzh/cd-core v0.0.0-20240526182126-06ccbfbbe6b4/go.mod h1:pJs9uwaPI1IJQ4Jc1JYx5fUEugI0lxy00yjUq9/Xy1s=
github.com/rauzh/cd-core v0.0.0-20240528143414-753304dedd38 h1:YcPLLWd/ABeeG9xninE1uybY/KeJwkdqu63E0I9kFGg=
github.com/rauzh/cd-core v0.0.0-20240528143414-753304dedd38/go.mod h1:pJs9uwaPI1IJQ4Jc1JYx5fUEugI0lxy00yjUq9/Xy1s=
